
Microsoft Visual Studio Solution File, Format Version 12.00
# Visual Studio Version 16
VisualStudioVersion = 16.0.29709.97
MinimumVisualStudioVersion = 10.0.40219.1
Project("{9A19103F-16F7-4668-BE54-9A1E7A4F7556}") = "ClassApp.Business", "..\ClassApp.Business\ClassApp.Business.csproj", "{00E18327-27ED-448D-A64C-B50C23A27F79}"
EndProject
Project("{9A19103F-16F7-4668-BE54-9A1E7A4F7556}") = "ClassApp.Repository", "..\ClassApp.Repository\ClassApp.Repository.csproj", "{D33C7F9A-0CF0-40F5-99E3-B0AB133519F9}"
EndProject
Project("{9A19103F-16F7-4668-BE54-9A1E7A4F7556}") = "ClassApp.Database", "..\ClassApp.Database\ClassApp.Database.csproj", "{2EE6E570-100A-4436-88EE-CECA0ED887E7}"
EndProject
Project("{9A19103F-16F7-4668-BE54-9A1E7A4F7556}") = "ClassesApp.Website", "..\ClassesApp.Website\ClassesApp.Website.csproj", "{16147391-6F9F-4682-880C-637216951A2A}"
EndProject
Global
	GlobalSection(SolutionConfigurationPlatforms) = preSolution
		Debug|Any CPU = Debug|Any CPU
		Release|Any CPU = Release|Any CPU
	EndGlobalSection
	GlobalSection(ProjectConfigurationPlatforms) = postSolution
		{00E18327-27ED-448D-A64C-B50C23A27F79}.Debug|Any CPU.ActiveCfg = Debug|Any CPU
		{00E18327-27ED-448D-A64C-B50C23A27F79}.Debug|Any CPU.Build.0 = Debug|Any CPU
		{00E18327-27ED-448D-A64C-B50C23A27F79}.Release|Any CPU.ActiveCfg = Release|Any CPU
		{00E18327-27ED-448D-A64C-B50C23A27F79}.Release|Any CPU.Build.0 = Release|Any CPU
		{D33C7F9A-0CF0-40F5-99E3-B0AB133519F9}.Debug|Any CPU.ActiveCfg = Debug|Any CPU
		{D33C7F9A-0CF0-40F5-99E3-B0AB133519F9}.Debug|Any CPU.Build.0 = Debug|Any CPU
		{D33C7F9A-0CF0-40F5-99E3-B0AB133519F9}.Release|Any CPU.ActiveCfg = Release|Any CPU
		{D33C7F9A-0CF0-40F5-99E3-B0AB133519F9}.Release|Any CPU.Build.0 = Release|Any CPU
		{2EE6E570-100A-4436-88EE-CECA0ED887E7}.Debug|Any CPU.ActiveCfg = Debug|Any CPU
		{2EE6E570-100A-4436-88EE-CECA0ED887E7}.Debug|Any CPU.Build.0 = Debug|Any CPU
		{2EE6E570-100A-4436-88EE-CECA0ED887E7}.Release|Any CPU.ActiveCfg = Release|Any CPU
		{2EE6E570-100A-4436-88EE-CECA0ED887E7}.Release|Any CPU.Build.0 = Release|Any CPU
		{16147391-6F9F-4682-880C-637216951A2A}.Debug|Any CPU.ActiveCfg = Debug|Any CPU
		{16147391-6F9F-4682-880C-637216951A2A}.Debug|Any CPU.Build.0 = Debug|Any CPU
		{16147391-6F9F-4682-880C-637216951A2A}.Release|Any CPU.ActiveCfg = Release|Any CPU
		{16147391-6F9F-4682-880C-637216951A2A}.Release|Any CPU.Build.0 = Release|Any CPU
	EndGlobalSection
	GlobalSection(SolutionProperties) = preSolution
		HideSolutionNode = FALSE
	EndGlobalSection
	GlobalSection(ExtensibilityGlobals) = postSolution
		SolutionGuid = {8A8E07DB-257C-49D4-A706-EC11F21CA2FD}
	EndGlobalSection
EndGlobal
